github.com/Joker/hpp v1.0.0/go.mod h1:8x5n+M1Hp5hC0g8okX3sR3vFQwynaX/UgSOM9MeBKzY=
github.com/aymerick/raymond v2.0.2+incompatible h1:VEp3GpgdAnv9B2GFyTvqgcKvY+mfKMjPOA3SbKLtnU0=
github.com/aymerick/raymond v2.0.2+incompatible/go.mod h1:osfaiScAUVup+UC9Nfq76eWqDhXlp+4UYaA8uhTBO6g=
github.com/eknkc/amber v0.0.0-20171010120322-cdade1c07385 h1:clC1lXBpe2kTj2VHdaIu9ajZQe4kcEY9j0NsnDDBZ3o=
github.com/eknkc/amber v0.0.0-20171010120322-cdade1c07385/go.mod h1:0vRUJqYpeSZifjYj7uP3BG/gKcuzL9xWVV/Y+cK33KM=
github.com/gofiber/amber v1.0.1 h1:HWghx/d7X56lMnaWncR1R6aeskAiZjuGGBLuipxO4ac=
github.com/gofiber/amber v1.0.1/go.mod h1:PZhiqdG8ApMXk1/ncNTfgE5uXURc9osavQSWdpENL0k=
github.com/gofiber/handlebars v2.0.2+incompatible h1:PQd3VTmD8w7A7AQJ+Ke9wGmToZLBE/GAbEcLUN/QMmM=
github.com/gofiber/handlebars v2.0.2+incompatible/go.mod h1:phjE7zpYhH8XTePqK6XP7o/nvQAkMLm0KP7aI7qrzsQ=
github.com/gofiber/mustache v1.0.1 h1:LZLmrc6ezzHVUBYsEHG+GQ9C0GEMrT5vYsHMoyLPBwI=
github.com/gofiber/mustache v1.0.1/go.mod h1:842nmvlKDSBZ4qJKt4cF7+dZfrOpG2mCAxy3gvB8NPg=
github.com/gofiber/pug v1.0.1 h1:YLde8mtVcYck8ChNJvXKCHOzBXG0aDtosqPmBrKBfXc=
github.com/gofiber/pug v1.0.1/go.mod h1:GJfZ92EMCZEfZict5svdTEFS823NAeT/0MEulUgpHT0=
github.com/valyala/bytebufferpool v1.0.0/go.mod h1:6bBcMArwyJ5K/AmCkWv1jt77kVWyCJ6HpOuEn7z0Csc=
golang.org/x/crypto v0.0.0-20190308221718-c2843e01d9a2/go.mod h1:djNgcEr1/C05ACkg1iLfiJU5Ep61QUkGW8qpdssI0+w=
golang.org/x/net v0.0.0-20190311183353-d8887717615a/go.mod h1:t9HGtf8HONx5eT2rtn7q6eTqICYqUVnKs3thJo3Qplg=
golang.org/x/net v0.0.0-20190327091125-710a502c58a2/go.mod h1:t9HGtf8HONx5eT2rtn7q6eTqICYqUVnKs3thJo3Qplg=
golang.org/x/sys v0.0.0-20190215142949-d0b11bdaac8a/go.mod h1:STP8DvDyc/dI5b8T5hshtkjS+E42TnysNCUPdjciGhY=
golang.org/x/text v0.3.0/go.mod h1:NqM8EUOU14njkJ3fqMW+pc6Ldnwhi/IjpwHt7yyuwOQ=
golang.org/x/tools v0.0.0-20190327201419-c70d86f8b7cf/go.mod h1:LCzVGOaR6xXOjkQ3onu1FJEFr0SW1gC7cKk1uF8kGRs=
