github.com/gofiber/utils v1.1.0 h1:vdEBpn7AzIUJRhe+CiTOJdUcTg4Q9RK+pEa0KPbLdrM=
github.com/gofiber/utils v1.1.0/go.mod h1:poZpsnhBykfnY1Mc0KeEa6mSHrS3dV0+oBWyeQmb2e0=
github.com/yosssi/ace v0.0.5 h1:tUkIP/BLdKqrlrPwcmH0shwEEhTRHoGnc1wFIWmaBUA=
github.com/yosssi/ace v0.0.5/go.mod h1:ALfIzm2vT7t5ZE7uoIZqF3TQ7SAOyupFZnkrF5id+K0=
